// !$*UTF8*$!
{
	archiveVersion = 1;
	classes = {
	};
	objectVersion = 46;
	objects = {

/* Begin PBXBuildFile section */
		8BDC73701A58671F00C2330A /* AppDelegate.swift in Sources */ = {isa = PBXBuildFile; fileRef = 8BDC736F1A58671F00C2330A /* AppDelegate.swift */; };
		8BDC73721A58671F00C2330A /* ViewController.swift in Sources */ = {isa = PBXBuildFile; fileRef = 8BDC73711A58671F00C2330A /* ViewController.swift */; };
		8BDC73751A58671F00C2330A /* Main.storyboard in Resources */ = {isa = PBXBuildFile; fileRef = 8BDC73731A58671F00C2330A /* Main.storyboard */; };
		8BDC73771A58671F00C2330A /* Images.xcassets in Resources */ = {isa = PBXBuildFile; fileRef = 8BDC73761A58671F00C2330A /* Images.xcassets */; };
		8BDC737A1A58671F00C2330A /* LaunchScreen.xib in Resources */ = {isa = PBXBuildFile; fileRef = 8BDC73781A58671F00C2330A /* LaunchScreen.xib */; };
		8BDC73861A58671F00C2330A /* BeginSwiftTests.swift in Sources */ = {isa = PBXBuildFile; fileRef = 8BDC73851A58671F00C2330A /* BeginSwiftTests.swift */; };
/* End PBXBuildFile section */

/* Begin PBXContainerItemProxy section */
		8BDC73801A58671F00C2330A /* PBXContainerItemProxy */ = {
			isa = PBXContainerItemProxy;
			containerPortal = 8BDC73621A58671F00C2330A /* Project object */;
			proxyType = 1;
			remoteGlobalIDString = 8BDC73691A58671F00C2330A;
			remoteInfo = BeginSwift;
		};
/* End PBXContainerItemProxy section */

/* Begin PBXFileReference section */
		8BDC736A1A58671F00C2330A /* BeginSwift.app */ = {isa = PBXFileReference; explicitFileType = wrapper.application; includeInIndex = 0; path = BeginSwift.app; sourceTree = BUILT_PRODUCTS_DIR; };
		8BDC736E1A58671F00C2330A /* Info.plist */ = {isa = PBXFileReference; lastKnownFileType = text.plist.xml; path = Info.plist; sourceTree = "<group>"; };
		8BDC736F1A58671F00C2330A /* AppDelegate.swift */ = {isa = PBXFileReference; lastKnownFileType = sourcecode.swift; path = AppDelegate.swift; sourceTree = "<group>"; };
		8BDC73711A58671F00C2330A /* ViewController.swift */ = {isa = PBXFileReference; lastKnownFileType = sourcecode.swift; path = ViewController.swift; sourceTree = "<group>"; };
		8BDC73741A58671F00C2330A /* Base */ = {isa = PBXFileReference; lastKnownFileType = file.storyboard; name = Base; path = Base.lproj/Main.storyboard; sourceTree = "<group>"; };
		8BDC73761A58671F00C2330A /* Images.xcassets */ = {isa = PBXFileReference; lastKnownFileType = folder.assetcatalog; path = Images.xcassets; sourceTree = "<group>"; };
		8BDC73791A58671F00C2330A /* Base */ = {isa = PBXFileReference; lastKnownFileType = file.xib; name = Base; path = Base.lproj/LaunchScreen.xib; sourceTree = "<group>"; };
		8BDC737F1A58671F00C2330A /* BeginSwiftTests.xctest */ = {isa = PBXFileReference; explicitFileType = wrapper.cfbundle; includeInIndex = 0; path = BeginSwiftTests.xctest; sourceTree = BUILT_PRODUCTS_DIR; };
		8BDC73841A58671F00C2330A /* Info.plist */ = {isa = PBXFileReference; lastKnownFileType = text.plist.xml; path = Info.plist; sourceTree = "<group>"; };
		8BDC73851A58671F00C2330A /* BeginSwiftTests.swift */ = {isa = PBXFileReference; lastKnownFileType = sourcecode.swift; path = BeginSwiftTests.swift; sourceTree = "<group>"; };
/* End PBXFileReference section */

/* Begin PBXFrameworksBuildPhase section */
		8BDC73671A58671F00C2330A /* Frameworks */ = {
			isa = PBXFrameworksBuildPhase;
			buildActionMask = 2147483647;
			files = (
			);
			runOnlyForDeploymentPostprocessing = 0;
		};
		8BDC737C1A58671F00C2330A /* Frameworks */ = {
			isa = PBXFrameworksBuildPhase;
			buildActionMask = 2147483647;
			files = (
			);
			runOnlyForDeploymentPostprocessing = 0;
		};
/* End PBXFrameworksBuildPhase section */

/* Begin PBXGroup section */
		8BDC73611A58671F00C2330A = {
			isa = PBXGroup;
			children = (
				8BDC736C1A58671F00C2330A /* BeginSwift */,
				8BDC73821A58671F00C2330A /* BeginSwiftTests */,
				8BDC736B1A58671F00C2330A /* Products */,
			);
			sourceTree = "<group>";
		};
		8BDC736B1A58671F00C2330A /* Products */ = {
			isa = PBXGroup;
			children = (
				8BDC736A1A58671F00C2330A /* BeginSwift.app */,
				8BDC737F1A58671F00C2330A /* BeginSwiftTests.xctest */,
			);
			name = Products;
			sourceTree = "<group>";
		};
		8BDC736C1A58671F00C2330A /* BeginSwift */ = {
			isa = PBXGroup;
			children = (
				8BDC736F1A58671F00C2330A /* AppDelegate.swift */,
				8BDC73711A58671F00C2330A /* ViewController.swift */,
				8BDC73731A58671F00C2330A /* Main.storyboard */,
				8BDC73761A58671F00C2330A /* Images.xcassets */,
				8BDC73781A58671F00C2330A /* LaunchScreen.xib */,
				8BDC736D1A58671F00C2330A /* Supporting Files */,
			);
			path = BeginSwift;
			sourceTree = "<group>";
		};
		8BDC736D1A58671F00C2330A /* Supporting Files */ = {
			isa = PBXGroup;
			children = (
				8BDC736E1A58671F00C2330A /* Info.plist */,
			);
			name = "Supporting Files";
			sourceTree = "<group>";
		};
		8BDC73821A58671F00C2330A /* BeginSwiftTests */ = {
			isa = PBXGroup;
			children = (
				8BDC73851A58671F00C2330A /* BeginSwiftTests.swift */,
				8BDC73831A58671F00C2330A /* Supporting Files */,
			);
			path = BeginSwiftTests;
			sourceTree = "<group>";
		};
		8BDC73831A58671F00C2330A /* Supporting Files */ = {
			isa = PBXGroup;
			children = (
				8BDC73841A58671F00C2330A /* Info.plist */,
			);
			name = "Supporting Files";
			sourceTree = "<group>";
		};
/* End PBXGroup section */

/* Begin PBXNativeTarget section */
		8BDC73691A58671F00C2330A /* BeginSwift */ = {
			isa = PBXNativeTarget;
			buildConfigurationList = 8BDC73891A58671F00C2330A /* Build configuration list for PBXNativeTarget "BeginSwift" */;
			buildPhases = (
				8BDC73661A58671F00C2330A /* Sources */,
				8BDC73671A58671F00C2330A /* Frameworks */,
				8BDC73681A58671F00C2330A /* Resources */,
			);
			buildRules = (
			);
			dependencies = (
			);
			name = BeginSwift;
			productName = BeginSwift;
			productReference = 8BDC736A1A58671F00C2330A /* BeginSwift.app */;
			productType = "com.apple.product-type.application";
		};
		8BDC737E1A58671F00C2330A /* BeginSwiftTests */ = {
			isa = PBXNativeTarget;
			buildConfigurationList = 8BDC738C1A58671F00C2330A /* Build configuration list for PBXNativeTarget "BeginSwiftTests" */;
			buildPhases = (
				8BDC737B1A58671F00C2330A /* Sources */,
				8BDC737C1A58671F00C2330A /* Frameworks */,
				8BDC737D1A58671F00C2330A /* Resources */,
			);
			buildRules = (
			);
			dependencies = (
				8BDC73811A58671F00C2330A /* PBXTargetDependency */,
			);
			name = BeginSwiftTests;
			productName = BeginSwiftTests;
			productReference = 8BDC737F1A58671F00C2330A /* BeginSwiftTests.xctest */;
			productType = "com.apple.product-type.bundle.unit-test";
		};
/* End PBXNativeTarget section */

/* Begin PBXProject section */
		8BDC73621A58671F00C2330A /* Project object */ = {
			isa = PBXProject;
			attributes = {
				LastUpgradeCheck = 0610;
				ORGANIZATIONNAME = "Jaroslaw Konieczny";
				TargetAttributes = {
					8BDC73691A58671F00C2330A = {
						CreatedOnToolsVersion = 6.1.1;
					};
					8BDC737E1A58671F00C2330A = {
						CreatedOnToolsVersion = 6.1.1;
						TestTargetID = 8BDC73691A58671F00C2330A;
					};
				};
			};
			buildConfigurationList = 8BDC73651A58671F00C2330A /* Build configuration list for PBXProject "BeginSwift" */;
			compatibilityVersion = "Xcode 3.2";
			developmentRegion = English;
			hasScannedForEncodings = 0;
			knownRegions = (
				en,
				Base,
			);
			mainGroup = 8BDC73611A58671F00C2330A;
			productRefGroup = 8BDC736B1A58671F00C2330A /* Products */;
			projectDirPath = "";
			projectRoot = "";
			targets = (
				8BDC73691A58671F00C2330A /* BeginSwift */,
				8BDC737E1A58671F00C2330A /* BeginSwiftTests */,
			);
		};
/* End PBXProject section */

/* Begin PBXResourcesBuildPhase section */
		8BDC73681A58671F00C2330A /* Resources */ = {
			isa = PBXResourcesBuildPhase;
			buildActionMask = 2147483647;
			files = (
				8BDC73751A58671F00C2330A /* Main.storyboard in Resources */,
				8BDC737A1A58671F00C2330A /* LaunchScreen.xib in Resources */,
				8BDC73771A58671F00C2330A /* Images.xcassets in Resources */,
			);
			runOnlyForDeploymentPostprocessing = 0;
		};
		8BDC737D1A58671F00C2330A /* Resources */ = {
			isa = PBXResourcesBuildPhase;
			buildActionMask = 2147483647;
			files = (
			);
			runOnlyForDeploymentPostprocessing = 0;
		};
/* End PBXResourcesBuildPhase section */

/* Begin PBXSourcesBuildPhase section */
		8BDC73661A58671F00C2330A /* Sources */ = {
			isa = PBXSourcesBuildPhase;
			buildActionMask = 2147483647;
			files = (
				8BDC73721A58671F00C2330A /* ViewController.swift in Sources */,
				8BDC73701A58671F00C2330A /* AppDelegate.swift in Sources */,
			);
			runOnlyForDeploymentPostprocessing = 0;
		};
		8BDC737B1A58671F00C2330A /* Sources */ = {
			isa = PBXSourcesBuildPhase;
			buildActionMask = 2147483647;
			files = (
				8BDC73861A58671F00C2330A /* BeginSwiftTests.swift in Sources */,
			);
			runOnlyForDeploymentPostprocessing = 0;
		};
/* End PBXSourcesBuildPhase section */

/* Begin PBXTargetDependency section */
		8BDC73811A58671F00C2330A /* PBXTargetDependency */ = {
			isa = PBXTargetDependency;
			target = 8BDC73691A58671F00C2330A /* BeginSwift */;
			targetProxy = 8BDC73801A58671F00C2330A /* PBXContainerItemProxy */;
		};
/* End PBXTargetDependency section */

/* Begin PBXVariantGroup section */
		8BDC73731A58671F00C2330A /* Main.storyboard */ = {
			isa = PBXVariantGroup;
			children = (
				8BDC73741A58671F00C2330A /* Base */,
			);
			name = Main.storyboard;
			sourceTree = "<group>";
		};
		8BDC73781A58671F00C2330A /* LaunchScreen.xib */ = {
			isa = PBXVariantGroup;
			children = (
				8BDC73791A58671F00C2330A /* Base */,
			);
			name = LaunchScreen.xib;
			sourceTree = "<group>";
		};
/* End PBXVariantGroup section */

/* Begin XCBuildConfiguration section */
		8BDC73871A58671F00C2330A /* Debug */ = {
			isa = XCBuildConfiguration;
			buildSettings = {
				ALWAYS_SEARCH_USER_PATHS = NO;
				CLANG_CXX_LANGUAGE_STANDARD = "gnu++0x";
				CLANG_CXX_LIBRARY = "libc++";
				CLANG_ENABLE_MODULES = YES;
				CLANG_ENABLE_OBJC_ARC = YES;
				CLANG_WARN_BOOL_CONVERSION = YES;
				CLANG_WARN_CONSTANT_CONVERSION = YES;
				CLANG_WARN_DIRECT_OBJC_ISA_USAGE = YES_ERROR;
				CLANG_WARN_EMPTY_BODY = YES;
				CLANG_WARN_ENUM_CONVERSION = YES;
				CLANG_WARN_INT_CONVERSION = YES;
				CLANG_WARN_OBJC_ROOT_CLASS = YES_ERROR;
				CLANG_WARN_UNREACHABLE_CODE = YES;
				CLANG_WARN__DUPLICATE_METHOD_MATCH = YES;
				"CODE_SIGN_IDENTITY[sdk=iphoneos*]" = "iPhone Developer";
				COPY_PHASE_STRIP = NO;
				ENABLE_STRICT_OBJC_MSGSEND = YES;
				GCC_C_LANGUAGE_STANDARD = gnu99;
				GCC_DYNAMIC_NO_PIC = NO;
				GCC_OPTIMIZATION_LEVEL = 0;
				GCC_PREPROCESSOR_DEFINITIONS = (
					"DEBUG=1",
					"$(inherited)",
				);
				GCC_SYMBOLS_PRIVATE_EXTERN = NO;
				GCC_WARN_64_TO_32_BIT_CONVERSION = YES;
				GCC_WARN_ABOUT_RETURN_TYPE = YES_ERROR;
				GCC_WARN_UNDECLARED_SELECTOR = YES;
				GCC_WARN_UNINITIALIZED_AUTOS = YES_AGGRESSIVE;
				GCC_WARN_UNUSED_FUNCTION = YES;
				GCC_WARN_UNUSED_VARIABLE = YES;
				IPHONEOS_DEPLOYMENT_TARGET = 8.1;
				MTL_ENABLE_DEBUG_INFO = YES;
				ONLY_ACTIVE_ARCH = YES;
				SDKROOT = iphoneos;
				SWIFT_OPTIMIZATION_LEVEL = "-Onone";
				TARGETED_DEVICE_FAMILY = "1,2";
			};
			name = Debug;
		};
		8BDC73881A58671F00C2330A /* Release */ = {
			isa = XCBuildConfiguration;
			buildSettings = {
				ALWAYS_SEARCH_USER_PATHS = NO;
				CLANG_CXX_LANGUAGE_STANDARD = "gnu++0x";
				CLANG_CXX_LIBRARY = "libc++";
				CLANG_ENABLE_MODULES = YES;
				CLANG_ENABLE_OBJC_ARC = YES;
				CLANG_WARN_BOOL_CONVERSION = YES;
				CLANG_WARN_CONSTANT_CONVERSION = YES;
				CLANG_WARN_DIRECT_OBJC_ISA_USAGE = YES_ERROR;
				CLANG_WARN_EMPTY_BODY = YES;
				CLANG_WARN_ENUM_CONVERSION = YES;
				CLANG_WARN_INT_CONVERSION = YES;
				CLANG_WARN_OBJC_ROOT_CLASS = YES_ERROR;
				CLANG_WARN_UNREACHABLE_CODE = YES;
				CLANG_WARN__DUPLICATE_METHOD_MATCH = YES;
				"CODE_SIGN_IDENTITY[sdk=iphoneos*]" = "iPhone Developer";
				COPY_PHASE_STRIP = YES;
				ENABLE_NS_ASSERTIONS = NO;
				ENABLE_STRICT_OBJC_MSGSEND = YES;
				GCC_C_LANGUAGE_STANDARD = gnu99;
				GCC_WARN_64_TO_32_BIT_CONVERSION = YES;
				GCC_WARN_ABOUT_RETURN_TYPE = YES_ERROR;
				GCC_WARN_UNDECLARED_SELECTOR = YES;
				GCC_WARN_UNINITIALIZED_AUTOS = YES_AGGRESSIVE;
				GCC_WARN_UNUSED_FUNCTION = YES;
				GCC_WARN_UNUSED_VARIABLE = YES;
				IPHONEOS_DEPLOYMENT_TARGET = 8.1;
				MTL_ENABLE_DEBUG_INFO = NO;
				SDKROOT = iphoneos;
				TARGETED_DEVICE_FAMILY = "1,2";
				VALIDATE_PRODUCT = YES;
			};
			name = Release;
		};
		8BDC738A1A58671F00C2330A /* Debug */ = {
			isa = XCBuildConfiguration;
			buildSettings = {
				ASSETCATALOG_COMPILER_APPICON_NAME = AppIcon;
				INFOPLIST_FILE = BeginSwift/Info.plist;
				LD_RUNPATH_SEARCH_PATHS = "$(inherited) @executable_path/Frameworks";
				PRODUCT_NAME = "$(TARGET_NAME)";
			};
			name = Debug;
		};
		8BDC738B1A58671F00C2330A /* Release */ = {
			isa = XCBuildConfiguration;
			buildSettings = {
				ASSETCATALOG_COMPILER_APPICON_NAME = AppIcon;
				INFOPLIST_FILE = BeginSwift/Info.plist;
				LD_RUNPATH_SEARCH_PATHS = "$(inherited) @executable_path/Frameworks";
				PRODUCT_NAME = "$(TARGET_NAME)";
			};
			name = Release;
		};
		8BDC738D1A58671F00C2330A /* Debug */ = {
			isa = XCBuildConfiguration;
			buildSettings = {
				BUNDLE_LOADER = "$(TEST_HOST)";
				FRAMEWORK_SEARCH_PATHS = (
					"$(SDKROOT)/Developer/Library/Frameworks",
					"$(inherited)",
				);
				GCC_PREPROCESSOR_DEFINITIONS = (
					"DEBUG=1",
					"$(inherited)",
				);
				INFOPLIST_FILE = BeginSwiftTests/Info.plist;
				LD_RUNPATH_SEARCH_PATHS = "$(inherited) @executable_path/Frameworks @loader_path/Frameworks";
				PRODUCT_NAME = "$(TARGET_NAME)";
				TEST_HOST = "$(BUILT_PRODUCTS_DIR)/BeginSwift.app/BeginSwift";
			};
			name = Debug;
		};
		8BDC738E1A58671F00C2330A /* Release */ = {
			isa = XCBuildConfiguration;
			buildSettings = {
				BUNDLE_LOADER = "$(TEST_HOST)";
				FRAMEWORK_SEARCH_PATHS = (
					"$(SDKROOT)/Developer/Library/Frameworks",
					"$(inherited)",
				);
				INFOPLIST_FILE = BeginSwiftTests/Info.plist;
				LD_RUNPATH_SEARCH_PATHS = "$(inherited) @executable_path/Frameworks @loader_path/Frameworks";
				PRODUCT_NAME = "$(TARGET_NAME)";
				TEST_HOST = "$(BUILT_PRODUCTS_DIR)/BeginSwift.app/BeginSwift";
			};
			name = Release;
		};
/* End XCBuildConfiguration section */

/* Begin XCConfigurationList section */
		8BDC73651A58671F00C2330A /* Build configuration list for PBXProject "BeginSwift" */ = {
			isa = XCConfigurationList;
			buildConfigurations = (
				8BDC73871A58671F00C2330A /* Debug */,
				8BDC73881A58671F00C2330A /* Release */,
			);
			defaultConfigurationIsVisible = 0;
			defaultConfigurationName = Release;
		};
		8BDC73891A58671F00C2330A /* Build configuration list for PBXNativeTarget "BeginSwift" */ = {
			isa = XCConfigurationList;
			buildConfigurations = (
				8BDC738A1A58671F00C2330A /* Debug */,
				8BDC738B1A58671F00C2330A /* Release */,
			);
			defaultConfigurationIsVisible = 0;
		};
		8BDC738C1A58671F00C2330A /* Build configuration list for PBXNativeTarget "BeginSwiftTests" */ = {
			isa = XCConfigurationList;
			buildConfigurations = (
				8BDC738D1A58671F00C2330A /* Debug */,
				8BDC738E1A58671F00C2330A /* Release */,
			);
			defaultConfigurationIsVisible = 0;
		};
/* End XCConfigurationList section */
	};
	rootObject = 8BDC73621A58671F00C2330A /* Project object */;
}
